// !$*UTF8*$!
{
	archiveVersion = 1;
	classes = {
	};
	objectVersion = 56;
	objects = {

/* Begin PBXBuildFile section */
		5332C8082A88900C00DC5662 /* LocationListView.swift in Sources */ = {isa = PBXBuildFile; fileRef = 5332C8072A88900C00DC5662 /* LocationListView.swift */; };
		5332C80A2A88902100DC5662 /* AddLocationView.swift in Sources */ = {isa = PBXBuildFile; fileRef = 5332C8092A88902100DC5662 /* AddLocationView.swift */; };
		5332C80C2A88903400DC5662 /* RecommendLocationView.swift in Sources */ = {isa = PBXBuildFile; fileRef = 5332C80B2A88903400DC5662 /* RecommendLocationView.swift */; };
		5332C80E2A88904E00DC5662 /* LocationListViewModel.swift in Sources */ = {isa = PBXBuildFile; fileRef = 5332C80D2A88904E00DC5662 /* LocationListViewModel.swift */; };
		5332C8102A88905C00DC5662 /* AddLocationViewModel.swift in Sources */ = {isa = PBXBuildFile; fileRef = 5332C80F2A88905C00DC5662 /* AddLocationViewModel.swift */; };
		5332C8122A88906C00DC5662 /* RecommendLocationViewModel.swift in Sources */ = {isa = PBXBuildFile; fileRef = 5332C8112A88906C00DC5662 /* RecommendLocationViewModel.swift */; };
		5332C8162A88E68200DC5662 /* TabView+.swift in Sources */ = {isa = PBXBuildFile; fileRef = 5332C8152A88E68200DC5662 /* TabView+.swift */; };
		5332C81A2A88F1AB00DC5662 /* Localizable.strings in Resources */ = {isa = PBXBuildFile; fileRef = 5332C81C2A88F1AB00DC5662 /* Localizable.strings */; };
		5332C8212A88FC6F00DC5662 /* saveLocationModel.swift in Sources */ = {isa = PBXBuildFile; fileRef = 5332C8202A88FC6F00DC5662 /* saveLocationModel.swift */; };
		5332C8242A88FC9700DC5662 /* saveLocationRepository.swift in Sources */ = {isa = PBXBuildFile; fileRef = 5332C8232A88FC9700DC5662 /* saveLocationRepository.swift */; };
		537058B02A8875D2003B79E7 /* PhotoLocationAppApp.swift in Sources */ = {isa = PBXBuildFile; fileRef = 537058AF2A8875D2003B79E7 /* PhotoLocationAppApp.swift */; };
		537058B22A8875D2003B79E7 /* MainTabView.swift in Sources */ = {isa = PBXBuildFile; fileRef = 537058B12A8875D2003B79E7 /* MainTabView.swift */; };
		537058B42A8875D2003B79E7 /* Assets.xcassets in Resources */ = {isa = PBXBuildFile; fileRef = 537058B32A8875D2003B79E7 /* Assets.xcassets */; };
		537058B82A8875D2003B79E7 /* Preview Assets.xcassets in Resources */ = {isa = PBXBuildFile; fileRef = 537058B72A8875D2003B79E7 /* Preview Assets.xcassets */; };
		537058C22A8875D2003B79E7 /* PhotoLocationAppTests.swift in Sources */ = {isa = PBXBuildFile; fileRef = 537058C12A8875D2003B79E7 /* PhotoLocationAppTests.swift */; };
		537058CC2A8875D2003B79E7 /* PhotoLocationAppUITests.swift in Sources */ = {isa = PBXBuildFile; fileRef = 537058CB2A8875D2003B79E7 /* PhotoLocationAppUITests.swift */; };
		537058CE2A8875D2003B79E7 /* PhotoLocationAppUITestsLaunchTests.swift in Sources */ = {isa = PBXBuildFile; fileRef = 537058CD2A8875D2003B79E7 /* PhotoLocationAppUITestsLaunchTests.swift */; };
/* End PBXBuildFile section */

/* Begin PBXContainerItemProxy section */
		537058BE2A8875D2003B79E7 /* PBXContainerItemProxy */ = {
			isa = PBXContainerItemProxy;
			containerPortal = 537058A42A8875D2003B79E7 /* Project object */;
			proxyType = 1;
			remoteGlobalIDString = 537058AB2A8875D2003B79E7;
			remoteInfo = PhotoLocationApp;
		};
		537058C82A8875D2003B79E7 /* PBXContainerItemProxy */ = {
			isa = PBXContainerItemProxy;
			containerPortal = 537058A42A8875D2003B79E7 /* Project object */;
			proxyType = 1;
			remoteGlobalIDString = 537058AB2A8875D2003B79E7;
			remoteInfo = PhotoLocationApp;
		};
/* End PBXContainerItemProxy section */

/* Begin PBXFileReference section */
		5332C8072A88900C00DC5662 /* LocationListView.swift */ = {isa = PBXFileReference; lastKnownFileType = sourcecode.swift; path = LocationListView.swift; sourceTree = "<group>"; };
		5332C8092A88902100DC5662 /* AddLocationView.swift */ = {isa = PBXFileReference; lastKnownFileType = sourcecode.swift; path = AddLocationView.swift; sourceTree = "<group>"; };
		5332C80B2A88903400DC5662 /* RecommendLocationView.swift */ = {isa = PBXFileReference; lastKnownFileType = sourcecode.swift; path = RecommendLocationView.swift; sourceTree = "<group>"; };
		5332C80D2A88904E00DC5662 /* LocationListViewModel.swift */ = {isa = PBXFileReference; lastKnownFileType = sourcecode.swift; path = LocationListViewModel.swift; sourceTree = "<group>"; };
		5332C80F2A88905C00DC5662 /* AddLocationViewModel.swift */ = {isa = PBXFileReference; lastKnownFileType = sourcecode.swift; path = AddLocationViewModel.swift; sourceTree = "<group>"; };
		5332C8112A88906C00DC5662 /* RecommendLocationViewModel.swift */ = {isa = PBXFileReference; lastKnownFileType = sourcecode.swift; path = RecommendLocationViewModel.swift; sourceTree = "<group>"; };
		5332C8152A88E68200DC5662 /* TabView+.swift */ = {isa = PBXFileReference; lastKnownFileType = sourcecode.swift; path = "TabView+.swift"; sourceTree = "<group>"; };
		5332C81D2A88F1C800DC5662 /* ja */ = {isa = PBXFileReference; lastKnownFileType = text.plist.strings; name = ja; path = ja.lproj/Localizable.strings; sourceTree = "<group>"; };
		5332C8202A88FC6F00DC5662 /* saveLocationModel.swift */ = {isa = PBXFileReference; lastKnownFileType = sourcecode.swift; path = saveLocationModel.swift; sourceTree = "<group>"; };
		5332C8232A88FC9700DC5662 /* saveLocationRepository.swift */ = {isa = PBXFileReference; lastKnownFileType = sourcecode.swift; path = saveLocationRepository.swift; sourceTree = "<group>"; };
		537058AC2A8875D2003B79E7 /* PhotoLocationApp.app */ = {isa = PBXFileReference; explicitFileType = wrapper.application; includeInIndex = 0; path = PhotoLocationApp.app; sourceTree = BUILT_PRODUCTS_DIR; };
		537058AF2A8875D2003B79E7 /* PhotoLocationAppApp.swift */ = {isa = PBXFileReference; lastKnownFileType = sourcecode.swift; path = PhotoLocationAppApp.swift; sourceTree = "<group>"; };
		537058B12A8875D2003B79E7 /* MainTabView.swift */ = {isa = PBXFileReference; lastKnownFileType = sourcecode.swift; path = MainTabView.swift; sourceTree = "<group>"; };
		537058B32A8875D2003B79E7 /* Assets.xcassets */ = {isa = PBXFileReference; lastKnownFileType = folder.assetcatalog; path = Assets.xcassets; sourceTree = "<group>"; };
		537058B52A8875D2003B79E7 /* PhotoLocationApp.entitlements */ = {isa = PBXFileReference; lastKnownFileType = text.plist.entitlements; path = PhotoLocationApp.entitlements; sourceTree = "<group>"; };
		537058B72A8875D2003B79E7 /* Preview Assets.xcassets */ = {isa = PBXFileReference; lastKnownFileType = folder.assetcatalog; path = "Preview Assets.xcassets"; sourceTree = "<group>"; };
		537058BD2A8875D2003B79E7 /* PhotoLocationAppTests.xctest */ = {isa = PBXFileReference; explicitFileType = wrapper.cfbundle; includeInIndex = 0; path = PhotoLocationAppTests.xctest; sourceTree = BUILT_PRODUCTS_DIR; };
		537058C12A8875D2003B79E7 /* PhotoLocationAppTests.swift */ = {isa = PBXFileReference; lastKnownFileType = sourcecode.swift; path = PhotoLocationAppTests.swift; sourceTree = "<group>"; };
		537058C72A8875D2003B79E7 /* PhotoLocationAppUITests.xctest */ = {isa = PBXFileReference; explicitFileType = wrapper.cfbundle; includeInIndex = 0; path = PhotoLocationAppUITests.xctest; sourceTree = BUILT_PRODUCTS_DIR; };
		537058CB2A8875D2003B79E7 /* PhotoLocationAppUITests.swift */ = {isa = PBXFileReference; lastKnownFileType = sourcecode.swift; path = PhotoLocationAppUITests.swift; sourceTree = "<group>"; };
		537058CD2A8875D2003B79E7 /* PhotoLocationAppUITestsLaunchTests.swift */ = {isa = PBXFileReference; lastKnownFileType = sourcecode.swift; path = PhotoLocationAppUITestsLaunchTests.swift; sourceTree = "<group>"; };
/* End PBXFileReference section */

/* Begin PBXFrameworksBuildPhase section */
		537058A92A8875D2003B79E7 /* Frameworks */ = {
			isa = PBXFrameworksBuildPhase;
			buildActionMask = 2147483647;
			files = (
			);
			runOnlyForDeploymentPostprocessing = 0;
		};
		537058BA2A8875D2003B79E7 /* Frameworks */ = {
			isa = PBXFrameworksBuildPhase;
			buildActionMask = 2147483647;
			files = (
			);
			runOnlyForDeploymentPostprocessing = 0;
		};
		537058C42A8875D2003B79E7 /* Frameworks */ = {
			isa = PBXFrameworksBuildPhase;
			buildActionMask = 2147483647;
			files = (
			);
			runOnlyForDeploymentPostprocessing = 0;
		};
/* End PBXFrameworksBuildPhase section */

/* Begin PBXGroup section */
		5332C7FE2A888FA500DC5662 /* Views */ = {
			isa = PBXGroup;
			children = (
				5332C8132A8893DC00DC5662 /* TabContent */,
				537058B12A8875D2003B79E7 /* MainTabView.swift */,
			);
			path = Views;
			sourceTree = "<group>";
		};
		5332C8132A8893DC00DC5662 /* TabContent */ = {
			isa = PBXGroup;
			children = (
				5332C8072A88900C00DC5662 /* LocationListView.swift */,
				5332C8092A88902100DC5662 /* AddLocationView.swift */,
				5332C80B2A88903400DC5662 /* RecommendLocationView.swift */,
			);
			path = TabContent;
			sourceTree = "<group>";
		};
		5332C8142A88E66000DC5662 /* Exstension */ = {
			isa = PBXGroup;
			children = (
				5332C8152A88E68200DC5662 /* TabView+.swift */,
			);
			path = Exstension;
			sourceTree = "<group>";
		};
		5332C8172A88ED4F00DC5662 /* Resource */ = {
			isa = PBXGroup;
			children = (
				537058B32A8875D2003B79E7 /* Assets.xcassets */,
				5332C81C2A88F1AB00DC5662 /* Localizable.strings */,
			);
			path = Resource;
			sourceTree = "<group>";
		};
		5332C81E2A88FC2400DC5662 /*  AplicationModel */ = {
			isa = PBXGroup;
			children = (
				5332C8222A88FC8300DC5662 /* Repository */,
				5332C81F2A88FC4500DC5662 /* Models */,
			);
			path = " AplicationModel";
			sourceTree = "<group>";
		};
		5332C81F2A88FC4500DC5662 /* Models */ = {
			isa = PBXGroup;
			children = (
				5332C8202A88FC6F00DC5662 /* saveLocationModel.swift */,
			);
			path = Models;
			sourceTree = "<group>";
		};
		5332C8222A88FC8300DC5662 /* Repository */ = {
			isa = PBXGroup;
			children = (
				5332C8232A88FC9700DC5662 /* saveLocationRepository.swift */,
			);
			path = Repository;
			sourceTree = "<group>";
		};
		537058A32A8875D2003B79E7 = {
			isa = PBXGroup;
			children = (
				537058AE2A8875D2003B79E7 /* PhotoLocationApp */,
				537058C02A8875D2003B79E7 /* PhotoLocationAppTests */,
				537058CA2A8875D2003B79E7 /* PhotoLocationAppUITests */,
				537058AD2A8875D2003B79E7 /* Products */,
			);
			sourceTree = "<group>";
		};
		537058AD2A8875D2003B79E7 /* Products */ = {
			isa = PBXGroup;
			children = (
				537058AC2A8875D2003B79E7 /* PhotoLocationApp.app */,
				537058BD2A8875D2003B79E7 /* PhotoLocationAppTests.xctest */,
				537058C72A8875D2003B79E7 /* PhotoLocationAppUITests.xctest */,
			);
			name = Products;
			sourceTree = "<group>";
		};
		537058AE2A8875D2003B79E7 /* PhotoLocationApp */ = {
			isa = PBXGroup;
			children = (
				5332C81E2A88FC2400DC5662 /*  AplicationModel */,
				5332C8172A88ED4F00DC5662 /* Resource */,
				5332C8142A88E66000DC5662 /* Exstension */,
				5332C7FE2A888FA500DC5662 /* Views */,
				537058DC2A8875FC003B79E7 /* ViewModels */,
				537058AF2A8875D2003B79E7 /* PhotoLocationAppApp.swift */,
				537058B52A8875D2003B79E7 /* PhotoLocationApp.entitlements */,
				537058B62A8875D2003B79E7 /* Preview Content */,
			);
			path = PhotoLocationApp;
			sourceTree = "<group>";
		};
		537058B62A8875D2003B79E7 /* Preview Content */ = {
			isa = PBXGroup;
			children = (
				537058B72A8875D2003B79E7 /* Preview Assets.xcassets */,
			);
			path = "Preview Content";
			sourceTree = "<group>";
		};
		537058C02A8875D2003B79E7 /* PhotoLocationAppTests */ = {
			isa = PBXGroup;
			children = (
				537058C12A8875D2003B79E7 /* PhotoLocationAppTests.swift */,
			);
			path = PhotoLocationAppTests;
			sourceTree = "<group>";
		};
		537058CA2A8875D2003B79E7 /* PhotoLocationAppUITests */ = {
			isa = PBXGroup;
			children = (
				537058CB2A8875D2003B79E7 /* PhotoLocationAppUITests.swift */,
				537058CD2A8875D2003B79E7 /* PhotoLocationAppUITestsLaunchTests.swift */,
			);
			path = PhotoLocationAppUITests;
			sourceTree = "<group>";
		};
		537058DC2A8875FC003B79E7 /* ViewModels */ = {
			isa = PBXGroup;
			children = (
				5332C80D2A88904E00DC5662 /* LocationListViewModel.swift */,
				5332C80F2A88905C00DC5662 /* AddLocationViewModel.swift */,
				5332C8112A88906C00DC5662 /* RecommendLocationViewModel.swift */,
			);
			path = ViewModels;
			sourceTree = "<group>";
		};
/* End PBXGroup section */

/* Begin PBXNativeTarget section */
		537058AB2A8875D2003B79E7 /* PhotoLocationApp */ = {
			isa = PBXNativeTarget;
			buildConfigurationList = 537058D12A8875D2003B79E7 /* Build configuration list for PBXNativeTarget "PhotoLocationApp" */;
			buildPhases = (
				537058A82A8875D2003B79E7 /* Sources */,
				537058A92A8875D2003B79E7 /* Frameworks */,
				537058AA2A8875D2003B79E7 /* Resources */,
			);
			buildRules = (
			);
			dependencies = (
			);
			name = PhotoLocationApp;
			productName = PhotoLocationApp;
			productReference = 537058AC2A8875D2003B79E7 /* PhotoLocationApp.app */;
			productType = "com.apple.product-type.application";
		};
		537058BC2A8875D2003B79E7 /* PhotoLocationAppTests */ = {
			isa = PBXNativeTarget;
			buildConfigurationList = 537058D42A8875D2003B79E7 /* Build configuration list for PBXNativeTarget "PhotoLocationAppTests" */;
			buildPhases = (
				537058B92A8875D2003B79E7 /* Sources */,
				537058BA2A8875D2003B79E7 /* Frameworks */,
				537058BB2A8875D2003B79E7 /* Resources */,
			);
			buildRules = (
			);
			dependencies = (
				537058BF2A8875D2003B79E7 /* PBXTargetDependency */,
			);
			name = PhotoLocationAppTests;
			productName = PhotoLocationAppTests;
			productReference = 537058BD2A8875D2003B79E7 /* PhotoLocationAppTests.xctest */;
			productType = "com.apple.product-type.bundle.unit-test";
		};
		537058C62A8875D2003B79E7 /* PhotoLocationAppUITests */ = {
			isa = PBXNativeTarget;
			buildConfigurationList = 537058D72A8875D2003B79E7 /* Build configuration list for PBXNativeTarget "PhotoLocationAppUITests" */;
			buildPhases = (
				537058C32A8875D2003B79E7 /* Sources */,
				537058C42A8875D2003B79E7 /* Frameworks */,
				537058C52A8875D2003B79E7 /* Resources */,
			);
			buildRules = (
			);
			dependencies = (
				537058C92A8875D2003B79E7 /* PBXTargetDependency */,
			);
			name = PhotoLocationAppUITests;
			productName = PhotoLocationAppUITests;
			productReference = 537058C72A8875D2003B79E7 /* PhotoLocationAppUITests.xctest */;
			productType = "com.apple.product-type.bundle.ui-testing";
		};
/* End PBXNativeTarget section */

/* Begin PBXProject section */
		537058A42A8875D2003B79E7 /* Project object */ = {
			isa = PBXProject;
			attributes = {
				BuildIndependentTargetsInParallel = 1;
				LastSwiftUpdateCheck = 1430;
				LastUpgradeCheck = 1430;
				TargetAttributes = {
					537058AB2A8875D2003B79E7 = {
						CreatedOnToolsVersion = 14.3.1;
					};
					537058BC2A8875D2003B79E7 = {
						CreatedOnToolsVersion = 14.3.1;
						TestTargetID = 537058AB2A8875D2003B79E7;
					};
					537058C62A8875D2003B79E7 = {
						CreatedOnToolsVersion = 14.3.1;
						TestTargetID = 537058AB2A8875D2003B79E7;
					};
				};
			};
			buildConfigurationList = 537058A72A8875D2003B79E7 /* Build configuration list for PBXProject "PhotoLocationApp" */;
			compatibilityVersion = "Xcode 14.0";
			developmentRegion = ja;
			hasScannedForEncodings = 0;
			knownRegions = (
				Base,
				ja,
			);
			mainGroup = 537058A32A8875D2003B79E7;
			productRefGroup = 537058AD2A8875D2003B79E7 /* Products */;
			projectDirPath = "";
			projectRoot = "";
			targets = (
				537058AB2A8875D2003B79E7 /* PhotoLocationApp */,
				537058BC2A8875D2003B79E7 /* PhotoLocationAppTests */,
				537058C62A8875D2003B79E7 /* PhotoLocationAppUITests */,
			);
		};
/* End PBXProject section */

/* Begin PBXResourcesBuildPhase section */
		537058AA2A8875D2003B79E7 /* Resources */ = {
			isa = PBXResourcesBuildPhase;
			buildActionMask = 2147483647;
			files = (
				537058B82A8875D2003B79E7 /* Preview Assets.xcassets in Resources */,
				537058B42A8875D2003B79E7 /* Assets.xcassets in Resources */,
				5332C81A2A88F1AB00DC5662 /* Localizable.strings in Resources */,
			);
			runOnlyForDeploymentPostprocessing = 0;
		};
		537058BB2A8875D2003B79E7 /* Resources */ = {
			isa = PBXResourcesBuildPhase;
			buildActionMask = 2147483647;
			files = (
			);
			runOnlyForDeploymentPostprocessing = 0;
		};
		537058C52A8875D2003B79E7 /* Resources */ = {
			isa = PBXResourcesBuildPhase;
			buildActionMask = 2147483647;
			files = (
			);
			runOnlyForDeploymentPostprocessing = 0;
		};
/* End PBXResourcesBuildPhase section */

/* Begin PBXSourcesBuildPhase section */
		537058A82A8875D2003B79E7 /* Sources */ = {
			isa = PBXSourcesBuildPhase;
			buildActionMask = 2147483647;
			files = (
				5332C8122A88906C00DC5662 /* RecommendLocationViewModel.swift in Sources */,
				5332C8102A88905C00DC5662 /* AddLocationViewModel.swift in Sources */,
				5332C8082A88900C00DC5662 /* LocationListView.swift in Sources */,
				5332C8242A88FC9700DC5662 /* saveLocationRepository.swift in Sources */,
				5332C80C2A88903400DC5662 /* RecommendLocationView.swift in Sources */,
				5332C80E2A88904E00DC5662 /* LocationListViewModel.swift in Sources */,
				5332C80A2A88902100DC5662 /* AddLocationView.swift in Sources */,
				537058B22A8875D2003B79E7 /* MainTabView.swift in Sources */,
				5332C8212A88FC6F00DC5662 /* saveLocationModel.swift in Sources */,
				537058B02A8875D2003B79E7 /* PhotoLocationAppApp.swift in Sources */,
				5332C8162A88E68200DC5662 /* TabView+.swift in Sources */,
			);
			runOnlyForDeploymentPostprocessing = 0;
		};
		537058B92A8875D2003B79E7 /* Sources */ = {
			isa = PBXSourcesBuildPhase;
			buildActionMask = 2147483647;
			files = (
				537058C22A8875D2003B79E7 /* PhotoLocationAppTests.swift in Sources */,
			);
			runOnlyForDeploymentPostprocessing = 0;
		};
		537058C32A8875D2003B79E7 /* Sources */ = {
			isa = PBXSourcesBuildPhase;
			buildActionMask = 2147483647;
			files = (
				537058CE2A8875D2003B79E7 /* PhotoLocationAppUITestsLaunchTests.swift in Sources */,
				537058CC2A8875D2003B79E7 /* PhotoLocationAppUITests.swift in Sources */,
			);
			runOnlyForDeploymentPostprocessing = 0;
		};
/* End PBXSourcesBuildPhase section */

/* Begin PBXTargetDependency section */
		537058BF2A8875D2003B79E7 /* PBXTargetDependency */ = {
			isa = PBXTargetDependency;
			target = 537058AB2A8875D2003B79E7 /* PhotoLocationApp */;
			targetProxy = 537058BE2A8875D2003B79E7 /* PBXContainerItemProxy */;
		};
		537058C92A8875D2003B79E7 /* PBXTargetDependency */ = {
			isa = PBXTargetDependency;
			target = 537058AB2A8875D2003B79E7 /* PhotoLocationApp */;
			targetProxy = 537058C82A8875D2003B79E7 /* PBXContainerItemProxy */;
		};
/* End PBXTargetDependency section */

/* Begin PBXVariantGroup section */
		5332C81C2A88F1AB00DC5662 /* Localizable.strings */ = {
			isa = PBXVariantGroup;
			children = (
				5332C81D2A88F1C800DC5662 /* ja */,
			);
			name = Localizable.strings;
			sourceTree = "<group>";
		};
/* End PBXVariantGroup section */

/* Begin XCBuildConfiguration section */
		537058CF2A8875D2003B79E7 /* Debug */ = {
			isa = XCBuildConfiguration;
			buildSettings = {
				ALWAYS_SEARCH_USER_PATHS = NO;
				CLANG_ANALYZER_LOCALIZABILITY_NONLOCALIZED = YES;
				CLANG_ANALYZER_NONNULL = YES;
				CLANG_ANALYZER_NUMBER_OBJECT_CONVERSION = YES_AGGRESSIVE;
				CLANG_CXX_LANGUAGE_STANDARD = "gnu++20";
				CLANG_ENABLE_MODULES = YES;
				CLANG_ENABLE_OBJC_ARC = YES;
				CLANG_ENABLE_OBJC_WEAK = YES;
				CLANG_WARN_BLOCK_CAPTURE_AUTORELEASING = YES;
				CLANG_WARN_BOOL_CONVERSION = YES;
				CLANG_WARN_COMMA = YES;
				CLANG_WARN_CONSTANT_CONVERSION = YES;
				CLANG_WARN_DEPRECATED_OBJC_IMPLEMENTATIONS = YES;
				CLANG_WARN_DIRECT_OBJC_ISA_USAGE = YES_ERROR;
				CLANG_WARN_DOCUMENTATION_COMMENTS = YES;
				CLANG_WARN_EMPTY_BODY = YES;
				CLANG_WARN_ENUM_CONVERSION = YES;
				CLANG_WARN_INFINITE_RECURSION = YES;
				CLANG_WARN_INT_CONVERSION = YES;
				CLANG_WARN_NON_LITERAL_NULL_CONVERSION = YES;
				CLANG_WARN_OBJC_IMPLICIT_RETAIN_SELF = YES;
				CLANG_WARN_OBJC_LITERAL_CONVERSION = YES;
				CLANG_WARN_OBJC_ROOT_CLASS = YES_ERROR;
				CLANG_WARN_QUOTED_INCLUDE_IN_FRAMEWORK_HEADER = YES;
				CLANG_WARN_RANGE_LOOP_ANALYSIS = YES;
				CLANG_WARN_STRICT_PROTOTYPES = YES;
				CLANG_WARN_SUSPICIOUS_MOVE = YES;
				CLANG_WARN_UNGUARDED_AVAILABILITY = YES_AGGRESSIVE;
				CLANG_WARN_UNREACHABLE_CODE = YES;
				CLANG_WARN__DUPLICATE_METHOD_MATCH = YES;
				COPY_PHASE_STRIP = NO;
				DEBUG_INFORMATION_FORMAT = dwarf;
				ENABLE_STRICT_OBJC_MSGSEND = YES;
				ENABLE_TESTABILITY = YES;
				GCC_C_LANGUAGE_STANDARD = gnu11;
				GCC_DYNAMIC_NO_PIC = NO;
				GCC_NO_COMMON_BLOCKS = YES;
				GCC_OPTIMIZATION_LEVEL = 0;
				GCC_PREPROCESSOR_DEFINITIONS = (
					"DEBUG=1",
					"$(inherited)",
				);
				GCC_WARN_64_TO_32_BIT_CONVERSION = YES;
				GCC_WARN_ABOUT_RETURN_TYPE = YES_ERROR;
				GCC_WARN_UNDECLARED_SELECTOR = YES;
				GCC_WARN_UNINITIALIZED_AUTOS = YES_AGGRESSIVE;
				GCC_WARN_UNUSED_FUNCTION = YES;
				GCC_WARN_UNUSED_VARIABLE = YES;
				MTL_ENABLE_DEBUG_INFO = INCLUDE_SOURCE;
				MTL_FAST_MATH = YES;
				ONLY_ACTIVE_ARCH = YES;
				SWIFT_ACTIVE_COMPILATION_CONDITIONS = DEBUG;
				SWIFT_OPTIMIZATION_LEVEL = "-Onone";
			};
			name = Debug;
		};
		537058D02A8875D2003B79E7 /* Release */ = {
			isa = XCBuildConfiguration;
			buildSettings = {
				ALWAYS_SEARCH_USER_PATHS = NO;
				CLANG_ANALYZER_LOCALIZABILITY_NONLOCALIZED = YES;
				CLANG_ANALYZER_NONNULL = YES;
				CLANG_ANALYZER_NUMBER_OBJECT_CONVERSION = YES_AGGRESSIVE;
				CLANG_CXX_LANGUAGE_STANDARD = "gnu++20";
				CLANG_ENABLE_MODULES = YES;
				CLANG_ENABLE_OBJC_ARC = YES;
				CLANG_ENABLE_OBJC_WEAK = YES;
				CLANG_WARN_BLOCK_CAPTURE_AUTORELEASING = YES;
				CLANG_WARN_BOOL_CONVERSION = YES;
				CLANG_WARN_COMMA = YES;
				CLANG_WARN_CONSTANT_CONVERSION = YES;
				CLANG_WARN_DEPRECATED_OBJC_IMPLEMENTATIONS = YES;
				CLANG_WARN_DIRECT_OBJC_ISA_USAGE = YES_ERROR;
				CLANG_WARN_DOCUMENTATION_COMMENTS = YES;
				CLANG_WARN_EMPTY_BODY = YES;
				CLANG_WARN_ENUM_CONVERSION = YES;
				CLANG_WARN_INFINITE_RECURSION = YES;
				CLANG_WARN_INT_CONVERSION = YES;
				CLANG_WARN_NON_LITERAL_NULL_CONVERSION = YES;
				CLANG_WARN_OBJC_IMPLICIT_RETAIN_SELF = YES;
				CLANG_WARN_OBJC_LITERAL_CONVERSION = YES;
				CLANG_WARN_OBJC_ROOT_CLASS = YES_ERROR;
				CLANG_WARN_QUOTED_INCLUDE_IN_FRAMEWORK_HEADER = YES;
				CLANG_WARN_RANGE_LOOP_ANALYSIS = YES;
				CLANG_WARN_STRICT_PROTOTYPES = YES;
				CLANG_WARN_SUSPICIOUS_MOVE = YES;
				CLANG_WARN_UNGUARDED_AVAILABILITY = YES_AGGRESSIVE;
				CLANG_WARN_UNREACHABLE_CODE = YES;
				CLANG_WARN__DUPLICATE_METHOD_MATCH = YES;
				COPY_PHASE_STRIP = NO;
				DEBUG_INFORMATION_FORMAT = "dwarf-with-dsym";
				ENABLE_NS_ASSERTIONS = NO;
				ENABLE_STRICT_OBJC_MSGSEND = YES;
				GCC_C_LANGUAGE_STANDARD = gnu11;
				GCC_NO_COMMON_BLOCKS = YES;
				GCC_WARN_64_TO_32_BIT_CONVERSION = YES;
				GCC_WARN_ABOUT_RETURN_TYPE = YES_ERROR;
				GCC_WARN_UNDECLARED_SELECTOR = YES;
				GCC_WARN_UNINITIALIZED_AUTOS = YES_AGGRESSIVE;
				GCC_WARN_UNUSED_FUNCTION = YES;
				GCC_WARN_UNUSED_VARIABLE = YES;
				MTL_ENABLE_DEBUG_INFO = NO;
				MTL_FAST_MATH = YES;
				SWIFT_COMPILATION_MODE = wholemodule;
				SWIFT_OPTIMIZATION_LEVEL = "-O";
			};
			name = Release;
		};
		537058D22A8875D2003B79E7 /* Debug */ = {
			isa = XCBuildConfiguration;
			buildSettings = {
				ASSETCATALOG_COMPILER_APPICON_NAME = AppIcon;
				ASSETCATALOG_COMPILER_GLOBAL_ACCENT_COLOR_NAME = AccentColor;
				CODE_SIGN_ENTITLEMENTS = PhotoLocationApp/PhotoLocationApp.entitlements;
				CODE_SIGN_IDENTITY = "Apple Development";
				CODE_SIGN_STYLE = Automatic;
				CURRENT_PROJECT_VERSION = 1;
				DEVELOPMENT_ASSET_PATHS = "\"PhotoLocationApp/Preview Content\"";
				DEVELOPMENT_TEAM = X5LBWH4CYQ;
				ENABLE_HARDENED_RUNTIME = YES;
				ENABLE_PREVIEWS = YES;
				GENERATE_INFOPLIST_FILE = YES;
				"INFOPLIST_KEY_UIApplicationSceneManifest_Generation[sdk=iphoneos*]" = YES;
				"INFOPLIST_KEY_UIApplicationSceneManifest_Generation[sdk=iphonesimulator*]" = YES;
				"INFOPLIST_KEY_UIApplicationSupportsIndirectInputEvents[sdk=iphoneos*]" = YES;
				"INFOPLIST_KEY_UIApplicationSupportsIndirectInputEvents[sdk=iphonesimulator*]" = YES;
				"INFOPLIST_KEY_UILaunchScreen_Generation[sdk=iphoneos*]" = YES;
				"INFOPLIST_KEY_UILaunchScreen_Generation[sdk=iphonesimulator*]" = YES;
				"INFOPLIST_KEY_UIStatusBarStyle[sdk=iphoneos*]" = UIStatusBarStyleDefault;
				"INFOPLIST_KEY_UIStatusBarStyle[sdk=iphonesimulator*]" = UIStatusBarStyleDefault;
				INFOPLIST_KEY_UISupportedInterfaceOrientations_iPad = "UIInterfaceOrientationPortrait UIInterfaceOrientationPortraitUpsideDown UIInterfaceOrientationLandscapeLeft UIInterfaceOrientationLandscapeRight";
				INFOPLIST_KEY_UISupportedInterfaceOrientations_iPhone = "UIInterfaceOrientationPortrait UIInterfaceOrientationLandscapeLeft UIInterfaceOrientationLandscapeRight";
				IPHONEOS_DEPLOYMENT_TARGET = 16.4;
				LD_RUNPATH_SEARCH_PATHS = "@executable_path/Frameworks";
				"LD_RUNPATH_SEARCH_PATHS[sdk=macosx*]" = "@executable_path/../Frameworks";
				MACOSX_DEPLOYMENT_TARGET = 13.3;
				MARKETING_VERSION = 1.0.0;
				PRODUCT_BUNDLE_IDENTIFIER = com.hiroakiapp.PhotoLocationApp;
				PRODUCT_NAME = "$(TARGET_NAME)";
				PROVISIONING_PROFILE_SPECIFIER = "";
				SDKROOT = auto;
				SUPPORTED_PLATFORMS = "iphoneos iphonesimulator macosx";
				SWIFT_EMIT_LOC_STRINGS = YES;
				SWIFT_VERSION = 5.0;
				TARGETED_DEVICE_FAMILY = "1,2";
			};
			name = Debug;
		};
		537058D32A8875D2003B79E7 /* Release */ = {
			isa = XCBuildConfiguration;
			buildSettings = {
				ASSETCATALOG_COMPILER_APPICON_NAME = AppIcon;
				ASSETCATALOG_COMPILER_GLOBAL_ACCENT_COLOR_NAME = AccentColor;
				CODE_SIGN_ENTITLEMENTS = PhotoLocationApp/PhotoLocationApp.entitlements;
				CODE_SIGN_IDENTITY = "Apple Development";
				CODE_SIGN_STYLE = Automatic;
				CURRENT_PROJECT_VERSION = 1;
				DEVELOPMENT_ASSET_PATHS = "\"PhotoLocationApp/Preview Content\"";
				DEVELOPMENT_TEAM = X5LBWH4CYQ;
				ENABLE_HARDENED_RUNTIME = YES;
				ENABLE_PREVIEWS = YES;
				GENERATE_INFOPLIST_FILE = YES;
				"INFOPLIST_KEY_UIApplicationSceneManifest_Generation[sdk=iphoneos*]" = YES;
				"INFOPLIST_KEY_UIApplicationSceneManifest_Generation[sdk=iphonesimulator*]" = YES;
				"INFOPLIST_KEY_UIApplicationSupportsIndirectInputEvents[sdk=iphoneos*]" = YES;
				"INFOPLIST_KEY_UIApplicationSupportsIndirectInputEvents[sdk=iphonesimulator*]" = YES;
				"INFOPLIST_KEY_UILaunchScreen_Generation[sdk=iphoneos*]" = YES;
				"INFOPLIST_KEY_UILaunchScreen_Generation[sdk=iphonesimulator*]" = YES;
				"INFOPLIST_KEY_UIStatusBarStyle[sdk=iphoneos*]" = UIStatusBarStyleDefault;
				"INFOPLIST_KEY_UIStatusBarStyle[sdk=iphonesimulator*]" = UIStatusBarStyleDefault;
				INFOPLIST_KEY_UISupportedInterfaceOrientations_iPad = "UIInterfaceOrientationPortrait UIInterfaceOrientationPortraitUpsideDown UIInterfaceOrientationLandscapeLeft UIInterfaceOrientationLandscapeRight";
				INFOPLIST_KEY_UISupportedInterfaceOrientations_iPhone = "UIInterfaceOrientationPortrait UIInterfaceOrientationLandscapeLeft UIInterfaceOrientationLandscapeRight";
				IPHONEOS_DEPLOYMENT_TARGET = 16.4;
				LD_RUNPATH_SEARCH_PATHS = "@executable_path/Frameworks";
				"LD_RUNPATH_SEARCH_PATHS[sdk=macosx*]" = "@executable_path/../Frameworks";
				MACOSX_DEPLOYMENT_TARGET = 13.3;
				MARKETING_VERSION = 1.0.0;
				PRODUCT_BUNDLE_IDENTIFIER = com.hiroakiapp.PhotoLocationApp;
				PRODUCT_NAME = "$(TARGET_NAME)";
				PROVISIONING_PROFILE_SPECIFIER = "";
				SDKROOT = auto;
				SUPPORTED_PLATFORMS = "iphoneos iphonesimulator macosx";
				SWIFT_EMIT_LOC_STRINGS = YES;
				SWIFT_VERSION = 5.0;
				TARGETED_DEVICE_FAMILY = "1,2";
			};
			name = Release;
		};
		537058D52A8875D2003B79E7 /* Debug */ = {
			isa = XCBuildConfiguration;
			buildSettings = {
				ALWAYS_EMBED_SWIFT_STANDARD_LIBRARIES = YES;
				BUNDLE_LOADER = "$(TEST_HOST)";
				CODE_SIGN_STYLE = Automatic;
				CURRENT_PROJECT_VERSION = 1;
				DEVELOPMENT_TEAM = X5LBWH4CYQ;
				GENERATE_INFOPLIST_FILE = YES;
				IPHONEOS_DEPLOYMENT_TARGET = 16.4;
				MACOSX_DEPLOYMENT_TARGET = 13.3;
				MARKETING_VERSION = 1.0;
				PRODUCT_BUNDLE_IDENTIFIER = com.hiroakiapp.PhotoLocationAppTests;
				PRODUCT_NAME = "$(TARGET_NAME)";
				SDKROOT = auto;
				SUPPORTED_PLATFORMS = "iphoneos iphonesimulator macosx";
				SWIFT_EMIT_LOC_STRINGS = NO;
				SWIFT_VERSION = 5.0;
				TARGETED_DEVICE_FAMILY = "1,2";
				TEST_HOST = "$(BUILT_PRODUCTS_DIR)/PhotoLocationApp.app/$(BUNDLE_EXECUTABLE_FOLDER_PATH)/PhotoLocationApp";
			};
			name = Debug;
		};
		537058D62A8875D2003B79E7 /* Release */ = {
			isa = XCBuildConfiguration;
			buildSettings = {
				ALWAYS_EMBED_SWIFT_STANDARD_LIBRARIES = YES;
				BUNDLE_LOADER = "$(TEST_HOST)";
				CODE_SIGN_STYLE = Automatic;
				CURRENT_PROJECT_VERSION = 1;
				DEVELOPMENT_TEAM = X5LBWH4CYQ;
				GENERATE_INFOPLIST_FILE = YES;
				IPHONEOS_DEPLOYMENT_TARGET = 16.4;
				MACOSX_DEPLOYMENT_TARGET = 13.3;
				MARKETING_VERSION = 1.0;
				PRODUCT_BUNDLE_IDENTIFIER = com.hiroakiapp.PhotoLocationAppTests;
				PRODUCT_NAME = "$(TARGET_NAME)";
				SDKROOT = auto;
				SUPPORTED_PLATFORMS = "iphoneos iphonesimulator macosx";
				SWIFT_EMIT_LOC_STRINGS = NO;
				SWIFT_VERSION = 5.0;
				TARGETED_DEVICE_FAMILY = "1,2";
				TEST_HOST = "$(BUILT_PRODUCTS_DIR)/PhotoLocationApp.app/$(BUNDLE_EXECUTABLE_FOLDER_PATH)/PhotoLocationApp";
			};
			name = Release;
		};
		537058D82A8875D2003B79E7 /* Debug */ = {
			isa = XCBuildConfiguration;
			buildSettings = {
				ALWAYS_EMBED_SWIFT_STANDARD_LIBRARIES = YES;
				CODE_SIGN_STYLE = Automatic;
				CURRENT_PROJECT_VERSION = 1;
				DEVELOPMENT_TEAM = X5LBWH4CYQ;
				GENERATE_INFOPLIST_FILE = YES;
				IPHONEOS_DEPLOYMENT_TARGET = 16.4;
				MACOSX_DEPLOYMENT_TARGET = 13.3;
				MARKETING_VERSION = 1.0;
				PRODUCT_BUNDLE_IDENTIFIER = com.hiroakiapp.PhotoLocationAppUITests;
				PRODUCT_NAME = "$(TARGET_NAME)";
				SDKROOT = auto;
				SUPPORTED_PLATFORMS = "iphoneos iphonesimulator macosx";
				SWIFT_EMIT_LOC_STRINGS = NO;
				SWIFT_VERSION = 5.0;
				TARGETED_DEVICE_FAMILY = "1,2";
				TEST_TARGET_NAME = PhotoLocationApp;
			};
			name = Debug;
		};
		537058D92A8875D2003B79E7 /* Release */ = {
			isa = XCBuildConfiguration;
			buildSettings = {
				ALWAYS_EMBED_SWIFT_STANDARD_LIBRARIES = YES;
				CODE_SIGN_STYLE = Automatic;
				CURRENT_PROJECT_VERSION = 1;
				DEVELOPMENT_TEAM = X5LBWH4CYQ;
				GENERATE_INFOPLIST_FILE = YES;
				IPHONEOS_DEPLOYMENT_TARGET = 16.4;
				MACOSX_DEPLOYMENT_TARGET = 13.3;
				MARKETING_VERSION = 1.0;
				PRODUCT_BUNDLE_IDENTIFIER = com.hiroakiapp.PhotoLocationAppUITests;
				PRODUCT_NAME = "$(TARGET_NAME)";
				SDKROOT = auto;
				SUPPORTED_PLATFORMS = "iphoneos iphonesimulator macosx";
				SWIFT_EMIT_LOC_STRINGS = NO;
				SWIFT_VERSION = 5.0;
				TARGETED_DEVICE_FAMILY = "1,2";
				TEST_TARGET_NAME = PhotoLocationApp;
			};
			name = Release;
		};
/* End XCBuildConfiguration section */

/* Begin XCConfigurationList section */
		537058A72A8875D2003B79E7 /* Build configuration list for PBXProject "PhotoLocationApp" */ = {
			isa = XCConfigurationList;
			buildConfigurations = (
				537058CF2A8875D2003B79E7 /* Debug */,
				537058D02A8875D2003B79E7 /* Release */,
			);
			defaultConfigurationIsVisible = 0;
			defaultConfigurationName = Release;
		};
		537058D12A8875D2003B79E7 /* Build configuration list for PBXNativeTarget "PhotoLocationApp" */ = {
			isa = XCConfigurationList;
			buildConfigurations = (
				537058D22A8875D2003B79E7 /* Debug */,
				537058D32A8875D2003B79E7 /* Release */,
			);
			defaultConfigurationIsVisible = 0;
			defaultConfigurationName = Release;
		};
		537058D42A8875D2003B79E7 /* Build configuration list for PBXNativeTarget "PhotoLocationAppTests" */ = {
			isa = XCConfigurationList;
			buildConfigurations = (
				537058D52A8875D2003B79E7 /* Debug */,
				537058D62A8875D2003B79E7 /* Release */,
			);
			defaultConfigurationIsVisible = 0;
			defaultConfigurationName = Release;
		};
		537058D72A8875D2003B79E7 /* Build configuration list for PBXNativeTarget "PhotoLocationAppUITests" */ = {
			isa = XCConfigurationList;
			buildConfigurations = (
				537058D82A8875D2003B79E7 /* Debug */,
				537058D92A8875D2003B79E7 /* Release */,
			);
			defaultConfigurationIsVisible = 0;
			defaultConfigurationName = Release;
		};
/* End XCConfigurationList section */
	};
	rootObject = 537058A42A8875D2003B79E7 /* Project object */;
}
